<?xml version="1.0" encoding="utf-8"?>
<Project ToolsVersion="4.0" xmlns="http://schemas.microsoft.com/developer/msbuild/2003">
  <ItemGroup>
    <Filter Include="Source Files">
      <UniqueIdentifier>{4FC737F1-C7A5-4376-A066-2A32D752A2FF}</UniqueIdentifier>
      <Extensions>cpp;c;cc;cxx;def;odl;idl;hpj;bat;asm;asmx</Extensions>
    </Filter>
    <Filter Include="Header Files">
      <UniqueIdentifier>{93995380-89BD-4b04-88EB-625FBE52EBFB}</UniqueIdentifier>
      <Extensions>h;hh;hpp;hxx;hm;inl;inc;xsd</Extensions>
    </Filter>
    <Filter Include="Resource Files">
      <UniqueIdentifier>{67DA6AB6-F800-4c08-8B7A-83BB121AAD01}</UniqueIdentifier>
      <Extensions>rc;ico;cur;bmp;dlg;rc2;rct;bin;rgs;gif;jpg;jpeg;jpe;resx;tiff;tif;png;wav;mfcribbon-ms</Extensions>
    </Filter>
    <Filter Include="glfw">
      <UniqueIdentifier>{422e20da-2cf0-4bda-9833-a89b7ab453a1}</UniqueIdentifier>
    </Filter>
    <Filter Include="glew">
      <UniqueIdentifier>{296e1ba9-28bc-4e0b-8d4e-413551edca96}</UniqueIdentifier>
    </Filter>
    <Filter Include="Shaders">
      <UniqueIdentifier>{0628083b-a31c-4825-822c-11b6f933e7bd}</UniqueIdentifier>
    </Filter>
    <Filter Include="Source Files\Managers">
      <UniqueIdentifier>{254ba3d0-ee06-4451-80fd-b73c37869858}</UniqueIdentifier>
    </Filter>
    <Filter Include="Header Files\Managers">
      <UniqueIdentifier>{dc6fcab0-9745-4937-a0d9-62ac7a14e30d}</UniqueIdentifier>
    </Filter>
    <Filter Include="Header Files\Graphics">
      <UniqueIdentifier>{0fd967f5-f8fc-4675-9bbf-728dc6fc43c3}</UniqueIdentifier>
    </Filter>
    <Filter Include="Header Files\Scene">
      <UniqueIdentifier>{80210b7a-7b48-451f-9718-fab76cea65f1}</UniqueIdentifier>
    </Filter>
    <Filter Include="Source Files\Core">
      <UniqueIdentifier>{e913c964-837d-49ab-a541-69ed91f7d799}</UniqueIdentifier>
    </Filter>
    <Filter Include="Header Files\Core">
      <UniqueIdentifier>{010da446-ea2c-466a-8f4a-0f1871291ab2}</UniqueIdentifier>
    </Filter>
    <Filter Include="Source Files\Graphics">
      <UniqueIdentifier>{6f18d6d5-d24b-45af-bc88-4721d54568c2}</UniqueIdentifier>
    </Filter>
    <Filter Include="Source Files\Scene">
      <UniqueIdentifier>{bce3886f-e943-4719-b607-fefbffacc05c}</UniqueIdentifier>
    </Filter>
  </ItemGroup>
  <ItemGroup>
    <ClInclude Include="..\lib\glfw\glfw3.h">
      <Filter>glfw</Filter>
    </ClInclude>
    <ClInclude Include="..\lib\glfw\glfw3native.h">
      <Filter>glfw</Filter>
    </ClInclude>
    <ClInclude Include="..\lib\glew\GL\glew.h">
      <Filter>glew</Filter>
    </ClInclude>
    <ClInclude Include="..\includes\Managers\InputManager.h">
      <Filter>Header Files\Managers</Filter>
    </ClInclude>
    <ClInclude Include="..\includes\Managers\Renderer.h">
      <Filter>Header Files\Managers</Filter>
    </ClInclude>
    <ClInclude Include="..\includes\Managers\WindowManager.h">
      <Filter>Header Files\Managers</Filter>
    </ClInclude>
    <ClInclude Include="..\includes\Managers\WorldBuilder.h">
      <Filter>Header Files\Managers</Filter>
    </ClInclude>
    <ClInclude Include="..\includes\Core\Application.h">
      <Filter>Header Files\Core</Filter>
    </ClInclude>
    <ClInclude Include="..\includes\Core\State.h">
      <Filter>Header Files\Core</Filter>
    </ClInclude>
    <ClInclude Include="..\includes\Graphics\Buffer.h">
      <Filter>Header Files\Graphics</Filter>
    </ClInclude>
    <ClInclude Include="..\includes\Graphics\Material.h">
      <Filter>Header Files\Graphics</Filter>
    </ClInclude>
    <ClInclude Include="..\includes\Graphics\Mesh.h">
      <Filter>Header Files\Graphics</Filter>
    </ClInclude>
    <ClInclude Include="..\includes\Graphics\Shader.h">
      <Filter>Header Files\Graphics</Filter>
    </ClInclude>
    <ClInclude Include="..\includes\Graphics\Texture.h">
      <Filter>Header Files\Graphics</Filter>
    </ClInclude>
    <ClInclude Include="..\includes\Graphics\Vertex.h">
      <Filter>Header Files\Graphics</Filter>
    </ClInclude>
    <ClInclude Include="..\includes\Scene\Camera.h">
      <Filter>Header Files\Scene</Filter>
    </ClInclude>
    <ClInclude Include="..\includes\Scene\Entity.h">
      <Filter>Header Files\Scene</Filter>
    </ClInclude>
    <ClInclude Include="..\includes\Scene\Model.h">
      <Filter>Header Files\Scene</Filter>
    </ClInclude>
    <ClInclude Include="..\includes\Scene\World.h">
      <Filter>Header Files\Scene</Filter>
    </ClInclude>
  </ItemGroup>
  <ItemGroup>
    <ClCompile Include="..\lib\glew\glew.c">
      <Filter>glew</Filter>
    </ClCompile>
    <ClCompile Include="..\src\UtilsSrc\stb_image.cpp">
      <Filter>Source Files</Filter>
    </ClCompile>
    <ClCompile Include="..\src\CoreSrc\Application.cpp">
      <Filter>Source Files\Core</Filter>
    </ClCompile>
    <ClCompile Include="..\src\main.cpp">
      <Filter>Source Files\Core</Filter>
    </ClCompile>
    <ClCompile Include="..\src\CoreSrc\State.cpp">
      <Filter>Source Files\Core</Filter>
    </ClCompile>
    <ClCompile Include="..\src\ManagersSrc\InputManager.cpp">
      <Filter>Source Files\Managers</Filter>
    </ClCompile>
    <ClCompile Include="..\src\ManagersSrc\WorldBuilder.cpp">
      <Filter>Source Files\Managers</Filter>
    </ClCompile>
    <ClCompile Include="..\src\ManagersSrc\WindowManager.cpp">
      <Filter>Source Files\Managers</Filter>
    </ClCompile>
    <ClCompile Include="..\src\ManagersSrc\Renderer.cpp">
      <Filter>Source Files\Managers</Filter>
    </ClCompile>
    <ClCompile Include="..\src\GraphicsSrc\Buffer.cpp">
      <Filter>Source Files\Graphics</Filter>
    </ClCompile>
    <ClCompile Include="..\src\GraphicsSrc\Material.cpp">
      <Filter>Source Files\Graphics</Filter>
    </ClCompile>
    <ClCompile Include="..\src\GraphicsSrc\Mesh.cpp">
      <Filter>Source Files\Graphics</Filter>
    </ClCompile>
    <ClCompile Include="..\src\GraphicsSrc\Shader.cpp">
      <Filter>Source Files\Graphics</Filter>
    </ClCompile>
    <ClCompile Include="..\src\GraphicsSrc\Texture.cpp">
      <Filter>Source Files\Graphics</Filter>
    </ClCompile>
    <ClCompile Include="..\src\SceneSrc\Camera.cpp">
      <Filter>Source Files\Scene</Filter>
    </ClCompile>
    <ClCompile Include="..\src\SceneSrc\Entity.cpp">
      <Filter>Source Files\Scene</Filter>
    </ClCompile>
    <ClCompile Include="..\src\SceneSrc\World.cpp">
      <Filter>Source Files\Scene</Filter>
    </ClCompile>
    <ClCompile Include="..\src\SceneSrc\Model.cpp">
      <Filter>Source Files\Scene</Filter>
    </ClCompile>
  </ItemGroup>
  <ItemGroup>
    <None Include="..\data\fragment.glsl">
      <Filter>Shaders</Filter>
    </None>
    <None Include="..\data\vertex.glsl">
      <Filter>Shaders</Filter>
    </None>
  </ItemGroup>
</Project>